// !$*UTF8*$!
{
	archiveVersion = 1;
	classes = {
	};
	objectVersion = 50;
	objects = {

/* Begin PBXBuildFile section */
		0BA1FDAE249B87BB00450C60 /* AppDelegate.swift in Sources */ = {isa = PBXBuildFile; fileRef = 0BA1FDAD249B87BB00450C60 /* AppDelegate.swift */; };
		0BA1FDB7249B87C000450C60 /* Assets.xcassets in Resources */ = {isa = PBXBuildFile; fileRef = 0BA1FDB6249B87C000450C60 /* Assets.xcassets */; };
		0BA1FDBA249B87C000450C60 /* LaunchScreen.storyboard in Resources */ = {isa = PBXBuildFile; fileRef = 0BA1FDB8249B87C000450C60 /* LaunchScreen.storyboard */; };
		0BA1FDC2249B96F000450C60 /* FeedData.json in Resources */ = {isa = PBXBuildFile; fileRef = 0BA1FDC1249B96F000450C60 /* FeedData.json */; };
		0BA1FDC6249BC57900450C60 /* HomeViewController.swift in Sources */ = {isa = PBXBuildFile; fileRef = 0BA1FDC5249BC57900450C60 /* HomeViewController.swift */; };
		0BA1FDC8249BCAFB00450C60 /* HomeViewCell.swift in Sources */ = {isa = PBXBuildFile; fileRef = 0BA1FDC7249BCAFB00450C60 /* HomeViewCell.swift */; };
		0BA1FDCA249BD30300450C60 /* FooterView.swift in Sources */ = {isa = PBXBuildFile; fileRef = 0BA1FDC9249BD30300450C60 /* FooterView.swift */; };
		0BA1FDCD249BDB7300450C60 /* VideoURL.swift in Sources */ = {isa = PBXBuildFile; fileRef = 0BA1FDCC249BDB7300450C60 /* VideoURL.swift */; };
		0BA1FDCF249CA9C900450C60 /* HeaderView.swift in Sources */ = {isa = PBXBuildFile; fileRef = 0BA1FDCE249CA9C900450C60 /* HeaderView.swift */; };
		0BA1FDD3249CC4A000450C60 /* UIButtonFactory.swift in Sources */ = {isa = PBXBuildFile; fileRef = 0BA1FDD2249CC4A000450C60 /* UIButtonFactory.swift */; };
		0BA1FDD5249CC4C400450C60 /* UIStackViewFactory.swift in Sources */ = {isa = PBXBuildFile; fileRef = 0BA1FDD4249CC4C400450C60 /* UIStackViewFactory.swift */; };
		0BA1FDD7249CC4E700450C60 /* UILabelFactory.swift in Sources */ = {isa = PBXBuildFile; fileRef = 0BA1FDD6249CC4E700450C60 /* UILabelFactory.swift */; };
		0BA1FDD9249CDBB200450C60 /* CellHeaderView.swift in Sources */ = {isa = PBXBuildFile; fileRef = 0BA1FDD8249CDBB200450C60 /* CellHeaderView.swift */; };
		0BA1FDDB249CDBE200450C60 /* CellFooterView.swift in Sources */ = {isa = PBXBuildFile; fileRef = 0BA1FDDA249CDBE200450C60 /* CellFooterView.swift */; };
/* End PBXBuildFile section */

/* Begin PBXFileReference section */
		0BA1FDAA249B87BB00450C60 /* YoboredTask.app */ = {isa = PBXFileReference; explicitFileType = wrapper.application; includeInIndex = 0; path = YoboredTask.app; sourceTree = BUILT_PRODUCTS_DIR; };
		0BA1FDAD249B87BB00450C60 /* AppDelegate.swift */ = {isa = PBXFileReference; lastKnownFileType = sourcecode.swift; path = AppDelegate.swift; sourceTree = "<group>"; };
		0BA1FDB6249B87C000450C60 /* Assets.xcassets */ = {isa = PBXFileReference; lastKnownFileType = folder.assetcatalog; path = Assets.xcassets; sourceTree = "<group>"; };
		0BA1FDB9249B87C000450C60 /* Base */ = {isa = PBXFileReference; lastKnownFileType = file.storyboard; name = Base; path = Base.lproj/LaunchScreen.storyboard; sourceTree = "<group>"; };
		0BA1FDBB249B87C000450C60 /* Info.plist */ = {isa = PBXFileReference; lastKnownFileType = text.plist.xml; path = Info.plist; sourceTree = "<group>"; };
		0BA1FDC1249B96F000450C60 /* FeedData.json */ = {isa = PBXFileReference; fileEncoding = 4; lastKnownFileType = text.json; path = FeedData.json; sourceTree = "<group>"; };
		0BA1FDC5249BC57900450C60 /* HomeViewController.swift */ = {isa = PBXFileReference; lastKnownFileType = sourcecode.swift; path = HomeViewController.swift; sourceTree = "<group>"; };
		0BA1FDC7249BCAFB00450C60 /* HomeViewCell.swift */ = {isa = PBXFileReference; lastKnownFileType = sourcecode.swift; path = HomeViewCell.swift; sourceTree = "<group>"; };
		0BA1FDC9249BD30300450C60 /* FooterView.swift */ = {isa = PBXFileReference; lastKnownFileType = sourcecode.swift; path = FooterView.swift; sourceTree = "<group>"; };
		0BA1FDCC249BDB7300450C60 /* VideoURL.swift */ = {isa = PBXFileReference; lastKnownFileType = sourcecode.swift; path = VideoURL.swift; sourceTree = "<group>"; };
		0BA1FDCE249CA9C900450C60 /* HeaderView.swift */ = {isa = PBXFileReference; lastKnownFileType = sourcecode.swift; path = HeaderView.swift; sourceTree = "<group>"; };
		0BA1FDD2249CC4A000450C60 /* UIButtonFactory.swift */ = {isa = PBXFileReference; lastKnownFileType = sourcecode.swift; path = UIButtonFactory.swift; sourceTree = "<group>"; };
		0BA1FDD4249CC4C400450C60 /* UIStackViewFactory.swift */ = {isa = PBXFileReference; lastKnownFileType = sourcecode.swift; path = UIStackViewFactory.swift; sourceTree = "<group>"; };
		0BA1FDD6249CC4E700450C60 /* UILabelFactory.swift */ = {isa = PBXFileReference; lastKnownFileType = sourcecode.swift; path = UILabelFactory.swift; sourceTree = "<group>"; };
		0BA1FDD8249CDBB200450C60 /* CellHeaderView.swift */ = {isa = PBXFileReference; lastKnownFileType = sourcecode.swift; path = CellHeaderView.swift; sourceTree = "<group>"; };
		0BA1FDDA249CDBE200450C60 /* CellFooterView.swift */ = {isa = PBXFileReference; lastKnownFileType = sourcecode.swift; path = CellFooterView.swift; sourceTree = "<group>"; };
/* End PBXFileReference section */

/* Begin PBXFrameworksBuildPhase section */
		0BA1FDA7249B87BB00450C60 /* Frameworks */ = {
			isa = PBXFrameworksBuildPhase;
			buildActionMask = 2147483647;
			files = (
			);
			runOnlyForDeploymentPostprocessing = 0;
		};
/* End PBXFrameworksBuildPhase section */

/* Begin PBXGroup section */
		0BA1FDA1249B87BB00450C60 = {
			isa = PBXGroup;
			children = (
				0BA1FDAC249B87BB00450C60 /* YoboredTask */,
				0BA1FDAB249B87BB00450C60 /* Products */,
			);
			sourceTree = "<group>";
		};
		0BA1FDAB249B87BB00450C60 /* Products */ = {
			isa = PBXGroup;
			children = (
				0BA1FDAA249B87BB00450C60 /* YoboredTask.app */,
			);
			name = Products;
			sourceTree = "<group>";
		};
		0BA1FDAC249B87BB00450C60 /* YoboredTask */ = {
			isa = PBXGroup;
			children = (
				0BA1FDC1249B96F000450C60 /* FeedData.json */,
				0BA1FDBB249B87C000450C60 /* Info.plist */,
				0BA1FDAD249B87BB00450C60 /* AppDelegate.swift */,
				0BA1FDB6249B87C000450C60 /* Assets.xcassets */,
				0BA1FDD0249CC48100450C60 /* Extensions */,
				0BA1FDB8249B87C000450C60 /* LaunchScreen.storyboard */,
				0BA1FDDC249CDFC300450C60 /* Models */,
				0BA1FDDD249CE03700450C60 /* ViewControllers */,
				0BA1FDE0249CE06700450C60 /* Views */,
			);
			path = YoboredTask;
			sourceTree = "<group>";
		};
		0BA1FDD0249CC48100450C60 /* Extensions */ = {
			isa = PBXGroup;
			children = (
				0BA1FDD1249CC48D00450C60 /* UI Factory */,
			);
			path = Extensions;
			sourceTree = "<group>";
		};
		0BA1FDD1249CC48D00450C60 /* UI Factory */ = {
			isa = PBXGroup;
			children = (
				0BA1FDD2249CC4A000450C60 /* UIButtonFactory.swift */,
				0BA1FDD4249CC4C400450C60 /* UIStackViewFactory.swift */,
				0BA1FDD6249CC4E700450C60 /* UILabelFactory.swift */,
			);
			path = "UI Factory";
			sourceTree = "<group>";
		};
		0BA1FDDC249CDFC300450C60 /* Models */ = {
			isa = PBXGroup;
			children = (
				0BA1FDCC249BDB7300450C60 /* VideoURL.swift */,
			);
			path = Models;
			sourceTree = "<group>";
		};
		0BA1FDDD249CE03700450C60 /* ViewControllers */ = {
			isa = PBXGroup;
			children = (
				0BA1FDC5249BC57900450C60 /* HomeViewController.swift */,
			);
			path = ViewControllers;
			sourceTree = "<group>";
		};
		0BA1FDE0249CE06700450C60 /* Views */ = {
			isa = PBXGroup;
			children = (
				0BA1FDE3249CE18300450C60 /* HomeViewController Views */,
				0BA1FDE2249CE12100450C60 /* HomeViewController Cells */,
				0BA1FDE1249CE08700450C60 /* Cell Views */,
			);
			path = Views;
			sourceTree = "<group>";
		};
		0BA1FDE1249CE08700450C60 /* Cell Views */ = {
			isa = PBXGroup;
			children = (
				0BA1FDDA249CDBE200450C60 /* CellFooterView.swift */,
				0BA1FDD8249CDBB200450C60 /* CellHeaderView.swift */,
			);
			path = "Cell Views";
			sourceTree = "<group>";
		};
		0BA1FDE2249CE12100450C60 /* HomeViewController Cells */ = {
			isa = PBXGroup;
			children = (
				0BA1FDC7249BCAFB00450C60 /* HomeViewCell.swift */,
			);
			path = "HomeViewController Cells";
			sourceTree = "<group>";
		};
		0BA1FDE3249CE18300450C60 /* HomeViewController Views */ = {
			isa = PBXGroup;
			children = (
				0BA1FDCE249CA9C900450C60 /* HeaderView.swift */,
				0BA1FDC9249BD30300450C60 /* FooterView.swift */,
			);
			path = "HomeViewController Views";
			sourceTree = "<group>";
		};
/* End PBXGroup section */

/* Begin PBXNativeTarget section */
		0BA1FDA9249B87BB00450C60 /* YoboredTask */ = {
			isa = PBXNativeTarget;
			buildConfigurationList = 0BA1FDBE249B87C000450C60 /* Build configuration list for PBXNativeTarget "YoboredTask" */;
			buildPhases = (
				0BA1FDA6249B87BB00450C60 /* Sources */,
				0BA1FDA7249B87BB00450C60 /* Frameworks */,
				0BA1FDA8249B87BB00450C60 /* Resources */,
			);
			buildRules = (
			);
			dependencies = (
			);
			name = YoboredTask;
			productName = YoboredTask;
			productReference = 0BA1FDAA249B87BB00450C60 /* YoboredTask.app */;
			productType = "com.apple.product-type.application";
		};
/* End PBXNativeTarget section */

/* Begin PBXProject section */
		0BA1FDA2249B87BB00450C60 /* Project object */ = {
			isa = PBXProject;
			attributes = {
				LastSwiftUpdateCheck = 1140;
				LastUpgradeCheck = 1140;
				ORGANIZATIONNAME = "Jeel Shah";
				TargetAttributes = {
					0BA1FDA9249B87BB00450C60 = {
						CreatedOnToolsVersion = 11.4;
					};
				};
			};
			buildConfigurationList = 0BA1FDA5249B87BB00450C60 /* Build configuration list for PBXProject "YoboredTask" */;
			compatibilityVersion = "Xcode 9.3";
			developmentRegion = en;
			hasScannedForEncodings = 0;
			knownRegions = (
				en,
				Base,
			);
			mainGroup = 0BA1FDA1249B87BB00450C60;
			productRefGroup = 0BA1FDAB249B87BB00450C60 /* Products */;
			projectDirPath = "";
			projectRoot = "";
			targets = (
				0BA1FDA9249B87BB00450C60 /* YoboredTask */,
			);
		};
/* End PBXProject section */

/* Begin PBXResourcesBuildPhase section */
		0BA1FDA8249B87BB00450C60 /* Resources */ = {
			isa = PBXResourcesBuildPhase;
			buildActionMask = 2147483647;
			files = (
				0BA1FDC2249B96F000450C60 /* FeedData.json in Resources */,
				0BA1FDBA249B87C000450C60 /* LaunchScreen.storyboard in Resources */,
				0BA1FDB7249B87C000450C60 /* Assets.xcassets in Resources */,
			);
			runOnlyForDeploymentPostprocessing = 0;
		};
/* End PBXResourcesBuildPhase section */

/* Begin PBXSourcesBuildPhase section */
		0BA1FDA6249B87BB00450C60 /* Sources */ = {
			isa = PBXSourcesBuildPhase;
			buildActionMask = 2147483647;
			files = (
				0BA1FDD3249CC4A000450C60 /* UIButtonFactory.swift in Sources */,
				0BA1FDAE249B87BB00450C60 /* AppDelegate.swift in Sources */,
				0BA1FDC8249BCAFB00450C60 /* HomeViewCell.swift in Sources */,
				0BA1FDD7249CC4E700450C60 /* UILabelFactory.swift in Sources */,
				0BA1FDD5249CC4C400450C60 /* UIStackViewFactory.swift in Sources */,
				0BA1FDCA249BD30300450C60 /* FooterView.swift in Sources */,
				0BA1FDD9249CDBB200450C60 /* CellHeaderView.swift in Sources */,
				0BA1FDCD249BDB7300450C60 /* VideoURL.swift in Sources */,
				0BA1FDDB249CDBE200450C60 /* CellFooterView.swift in Sources */,
				0BA1FDC6249BC57900450C60 /* HomeViewController.swift in Sources */,
				0BA1FDCF249CA9C900450C60 /* HeaderView.swift in Sources */,
			);
			runOnlyForDeploymentPostprocessing = 0;
		};
/* End PBXSourcesBuildPhase section */

/* Begin PBXVariantGroup section */
		0BA1FDB8249B87C000450C60 /* LaunchScreen.storyboard */ = {
			isa = PBXVariantGroup;
			children = (
				0BA1FDB9249B87C000450C60 /* Base */,
			);
			name = LaunchScreen.storyboard;
			sourceTree = "<group>";
		};
/* End PBXVariantGroup section */

/* Begin XCBuildConfiguration section */
		0BA1FDBC249B87C000450C60 /* Debug */ = {
			isa = XCBuildConfiguration;
			buildSettings = {
				ALWAYS_SEARCH_USER_PATHS = NO;
				CLANG_ANALYZER_NONNULL = YES;
				CLANG_ANALYZER_NUMBER_OBJECT_CONVERSION = YES_AGGRESSIVE;
				CLANG_CXX_LANGUAGE_STANDARD = "gnu++14";
				CLANG_CXX_LIBRARY = "libc++";
				CLANG_ENABLE_MODULES = YES;
				CLANG_ENABLE_OBJC_ARC = YES;
				CLANG_ENABLE_OBJC_WEAK = YES;
				CLANG_WARN_BLOCK_CAPTURE_AUTORELEASING = YES;
				CLANG_WARN_BOOL_CONVERSION = YES;
				CLANG_WARN_COMMA = YES;
				CLANG_WARN_CONSTANT_CONVERSION = YES;
				CLANG_WARN_DEPRECATED_OBJC_IMPLEMENTATIONS = YES;
				CLANG_WARN_DIRECT_OBJC_ISA_USAGE = YES_ERROR;
				CLANG_WARN_DOCUMENTATION_COMMENTS = YES;
				CLANG_WARN_EMPTY_BODY = YES;
				CLANG_WARN_ENUM_CONVERSION = YES;
				CLANG_WARN_INFINITE_RECURSION = YES;
				CLANG_WARN_INT_CONVERSION = YES;
				CLANG_WARN_NON_LITERAL_NULL_CONVERSION = YES;
				CLANG_WARN_OBJC_IMPLICIT_RETAIN_SELF = YES;
				CLANG_WARN_OBJC_LITERAL_CONVERSION = YES;
				CLANG_WARN_OBJC_ROOT_CLASS = YES_ERROR;
				CLANG_WARN_RANGE_LOOP_ANALYSIS = YES;
				CLANG_WARN_STRICT_PROTOTYPES = YES;
				CLANG_WARN_SUSPICIOUS_MOVE = YES;
				CLANG_WARN_UNGUARDED_AVAILABILITY = YES_AGGRESSIVE;
				CLANG_WARN_UNREACHABLE_CODE = YES;
				CLANG_WARN__DUPLICATE_METHOD_MATCH = YES;
				COPY_PHASE_STRIP = NO;
				DEBUG_INFORMATION_FORMAT = dwarf;
				ENABLE_STRICT_OBJC_MSGSEND = YES;
				ENABLE_TESTABILITY = YES;
				GCC_C_LANGUAGE_STANDARD = gnu11;
				GCC_DYNAMIC_NO_PIC = NO;
				GCC_NO_COMMON_BLOCKS = YES;
				GCC_OPTIMIZATION_LEVEL = 0;
				GCC_PREPROCESSOR_DEFINITIONS = (
					"DEBUG=1",
					"$(inherited)",
				);
				GCC_WARN_64_TO_32_BIT_CONVERSION = YES;
				GCC_WARN_ABOUT_RETURN_TYPE = YES_ERROR;
				GCC_WARN_UNDECLARED_SELECTOR = YES;
				GCC_WARN_UNINITIALIZED_AUTOS = YES_AGGRESSIVE;
				GCC_WARN_UNUSED_FUNCTION = YES;
				GCC_WARN_UNUSED_VARIABLE = YES;
				IPHONEOS_DEPLOYMENT_TARGET = 13.4;
				MTL_ENABLE_DEBUG_INFO = INCLUDE_SOURCE;
				MTL_FAST_MATH = YES;
				ONLY_ACTIVE_ARCH = YES;
				SDKROOT = iphoneos;
				SWIFT_ACTIVE_COMPILATION_CONDITIONS = DEBUG;
				SWIFT_OPTIMIZATION_LEVEL = "-Onone";
			};
			name = Debug;
		};
		0BA1FDBD249B87C000450C60 /* Release */ = {
			isa = XCBuildConfiguration;
			buildSettings = {
				ALWAYS_SEARCH_USER_PATHS = NO;
				CLANG_ANALYZER_NONNULL = YES;
				CLANG_ANALYZER_NUMBER_OBJECT_CONVERSION = YES_AGGRESSIVE;
				CLANG_CXX_LANGUAGE_STANDARD = "gnu++14";
				CLANG_CXX_LIBRARY = "libc++";
				CLANG_ENABLE_MODULES = YES;
				CLANG_ENABLE_OBJC_ARC = YES;
				CLANG_ENABLE_OBJC_WEAK = YES;
				CLANG_WARN_BLOCK_CAPTURE_AUTORELEASING = YES;
				CLANG_WARN_BOOL_CONVERSION = YES;
				CLANG_WARN_COMMA = YES;
				CLANG_WARN_CONSTANT_CONVERSION = YES;
				CLANG_WARN_DEPRECATED_OBJC_IMPLEMENTATIONS = YES;
				CLANG_WARN_DIRECT_OBJC_ISA_USAGE = YES_ERROR;
				CLANG_WARN_DOCUMENTATION_COMMENTS = YES;
				CLANG_WARN_EMPTY_BODY = YES;
				CLANG_WARN_ENUM_CONVERSION = YES;
				CLANG_WARN_INFINITE_RECURSION = YES;
				CLANG_WARN_INT_CONVERSION = YES;
				CLANG_WARN_NON_LITERAL_NULL_CONVERSION = YES;
				CLANG_WARN_OBJC_IMPLICIT_RETAIN_SELF = YES;
				CLANG_WARN_OBJC_LITERAL_CONVERSION = YES;
				CLANG_WARN_OBJC_ROOT_CLASS = YES_ERROR;
				CLANG_WARN_RANGE_LOOP_ANALYSIS = YES;
				CLANG_WARN_STRICT_PROTOTYPES = YES;
				CLANG_WARN_SUSPICIOUS_MOVE = YES;
				CLANG_WARN_UNGUARDED_AVAILABILITY = YES_AGGRESSIVE;
				CLANG_WARN_UNREACHABLE_CODE = YES;
				CLANG_WARN__DUPLICATE_METHOD_MATCH = YES;
				COPY_PHASE_STRIP = NO;
				DEBUG_INFORMATION_FORMAT = "dwarf-with-dsym";
				ENABLE_NS_ASSERTIONS = NO;
				ENABLE_STRICT_OBJC_MSGSEND = YES;
				GCC_C_LANGUAGE_STANDARD = gnu11;
				GCC_NO_COMMON_BLOCKS = YES;
				GCC_WARN_64_TO_32_BIT_CONVERSION = YES;
				GCC_WARN_ABOUT_RETURN_TYPE = YES_ERROR;
				GCC_WARN_UNDECLARED_SELECTOR = YES;
				GCC_WARN_UNINITIALIZED_AUTOS = YES_AGGRESSIVE;
				GCC_WARN_UNUSED_FUNCTION = YES;
				GCC_WARN_UNUSED_VARIABLE = YES;
				IPHONEOS_DEPLOYMENT_TARGET = 13.4;
				MTL_ENABLE_DEBUG_INFO = NO;
				MTL_FAST_MATH = YES;
				SDKROOT = iphoneos;
				SWIFT_COMPILATION_MODE = wholemodule;
				SWIFT_OPTIMIZATION_LEVEL = "-O";
				VALIDATE_PRODUCT = YES;
			};
			name = Release;
		};
		0BA1FDBF249B87C000450C60 /* Debug */ = {
			isa = XCBuildConfiguration;
			buildSettings = {
				ASSETCATALOG_COMPILER_APPICON_NAME = AppIcon;
				CODE_SIGN_STYLE = Automatic;
				DEVELOPMENT_TEAM = 9B9R6VATZN;
				INFOPLIST_FILE = YoboredTask/Info.plist;
				IPHONEOS_DEPLOYMENT_TARGET = 13.0;
				LD_RUNPATH_SEARCH_PATHS = (
					"$(inherited)",
					"@executable_path/Frameworks",
				);
				PRODUCT_BUNDLE_IDENTIFIER = com.Jeelshah.YoboredTask;
				PRODUCT_NAME = "$(TARGET_NAME)";
				SWIFT_VERSION = 5.0;
				TARGETED_DEVICE_FAMILY = 1;
			};
			name = Debug;
		};
		0BA1FDC0249B87C000450C60 /* Release */ = {
			isa = XCBuildConfiguration;
			buildSettings = {
				ASSETCATALOG_COMPILER_APPICON_NAME = AppIcon;
				CODE_SIGN_STYLE = Automatic;
				DEVELOPMENT_TEAM = 9B9R6VATZN;
				INFOPLIST_FILE = YoboredTask/Info.plist;
				IPHONEOS_DEPLOYMENT_TARGET = 13.0;
				LD_RUNPATH_SEARCH_PATHS = (
					"$(inherited)",
					"@executable_path/Frameworks",
				);
				PRODUCT_BUNDLE_IDENTIFIER = com.Jeelshah.YoboredTask;
				PRODUCT_NAME = "$(TARGET_NAME)";
				SWIFT_VERSION = 5.0;
				TARGETED_DEVICE_FAMILY = 1;
			};
			name = Release;
		};
/* End XCBuildConfiguration section */

/* Begin XCConfigurationList section */
		0BA1FDA5249B87BB00450C60 /* Build configuration list for PBXProject "YoboredTask" */ = {
			isa = XCConfigurationList;
			buildConfigurations = (
				0BA1FDBC249B87C000450C60 /* Debug */,
				0BA1FDBD249B87C000450C60 /* Release */,
			);
			defaultConfigurationIsVisible = 0;
			defaultConfigurationName = Release;
		};
		0BA1FDBE249B87C000450C60 /* Build configuration list for PBXNativeTarget "YoboredTask" */ = {
			isa = XCConfigurationList;
			buildConfigurations = (
				0BA1FDBF249B87C000450C60 /* Debug */,
				0BA1FDC0249B87C000450C60 /* Release */,
			);
			defaultConfigurationIsVisible = 0;
			defaultConfigurationName = Release;
		};
/* End XCConfigurationList section */
	};
	rootObject = 0BA1FDA2249B87BB00450C60 /* Project object */;
}
